<?xml version="1.0" encoding="utf-8"?>
<Project ToolsVersion="4.0" xmlns="http://schemas.microsoft.com/developer/msbuild/2003">
  <ItemGroup>
    <ClCompile Include="ArcBall.cpp" />
    <ClCompile Include="BaseCamera.cpp" />
    <ClCompile Include="Behavior.cpp" />
    <ClCompile Include="Camera.cpp" />
    <ClCompile Include="CoreApi.cpp" />
    <ClCompile Include="core_pch.cpp" />
    <ClCompile Include="DataStream_File.cpp" />
    <ClCompile Include="EventDispatcher.cpp" />
    <ClCompile Include="GameObject.cpp" />
    <ClCompile Include="GameObjectComponent.cpp" />
    <ClCompile Include="GameObjectManager.cpp" />
    <ClCompile Include="GameObjectTemplate.cpp" />
    <ClCompile Include="Light.cpp" />
    <ClCompile Include="Mesh.cpp" />
    <ClCompile Include="MeshAnimator.cpp" />
    <ClCompile Include="MeshData.cpp" />
    <ClCompile Include="MeshRenderer.cpp" />
    <ClCompile Include="MeshSerializer_XML.cpp" />
    <ClCompile Include="ParticleRenderer.cpp" />
    <ClCompile Include="RenderSystem.cpp" />
    <ClCompile Include="Scene.cpp" />
    <ClCompile Include="SoundEmitter.cpp" />
    <ClCompile Include="SoundListener.cpp" />
    <ClCompile Include="SubMesh.cpp" />
    <ClCompile Include="SysManager.cpp" />
    <ClCompile Include="WMInput.cpp" />
    <ClCompile Include="MeshUtil.cpp" />
  </ItemGroup>
  <ItemGroup>
    <ClInclude Include="..\..\include\core\ArcBall.h" />
    <ClInclude Include="..\..\include\core\BaseCamera.h" />
    <ClInclude Include="..\..\include\core\Behavior.h" />
    <ClInclude Include="..\..\include\core\Camera.h" />
    <ClInclude Include="..\..\include\core\CoreApi.h" />
    <ClInclude Include="..\..\include\core\core_all.h" />
    <ClInclude Include="..\..\include\core\core_ptr.h" />
    <ClInclude Include="..\..\include\core\DataStream.h" />
    <ClInclude Include="..\..\include\core\DataStream_File.h" />
    <ClInclude Include="..\..\include\core\DepthStencilBuffer.h" />
    <ClInclude Include="..\..\include\core\Event.h" />
    <ClInclude Include="..\..\include\core\EventDispatcher.h" />
    <ClInclude Include="..\..\include\core\GameInterface.h" />
    <ClInclude Include="..\..\include\core\GameObject.h" />
    <ClInclude Include="..\..\include\core\GameObjectComponent.h" />
    <ClInclude Include="..\..\include\core\GameObjectManager.h" />
    <ClInclude Include="..\..\include\core\GameObjectTemplate.h" />
    <ClInclude Include="..\..\include\core\GFX.h" />
    <ClInclude Include="..\..\include\core\GPUBuffer.h" />
    <ClInclude Include="..\..\include\core\g_format.h" />
    <ClInclude Include="..\..\include\core\Light.h" />
    <ClInclude Include="..\..\include\core\Mesh.h" />
    <ClInclude Include="..\..\include\core\MeshAnimator.h" />
    <ClInclude Include="..\..\include\core\MeshData.h" />
    <ClInclude Include="..\..\include\core\MeshRenderer.h" />
    <ClInclude Include="..\..\include\core\MeshSerializer.h" />
    <ClInclude Include="..\..\include\core\MeshSerializer_XML.h" />
    <ClInclude Include="..\..\include\core\MultiRenderTarget.h" />
    <ClInclude Include="..\..\include\core\ParticleRenderer.h" />
    <ClInclude Include="..\..\include\core\RenderData.h" />
    <ClInclude Include="..\..\include\core\RenderSystem.h" />
    <ClInclude Include="..\..\include\core\RenderTarget.h" />
    <ClInclude Include="..\..\include\core\Scene.h" />
    <ClInclude Include="..\..\include\core\Serializer.h" />
    <ClInclude Include="..\..\include\core\SoundEmitter.h" />
    <ClInclude Include="..\..\include\core\SoundListener.h" />
    <ClInclude Include="..\..\include\core\SubMesh.h" />
    <ClInclude Include="..\..\include\core\SysManager.h" />
    <ClInclude Include="..\..\include\core\Sys_Graphics.h" />
    <ClInclude Include="..\..\include\core\Sys_Input.h" />
    <ClInclude Include="..\..\include\core\Sys_Physics.h" />
    <ClInclude Include="..\..\include\core\Sys_Sound.h" />
    <ClInclude Include="..\..\include\core\Texture.h" />
    <ClInclude Include="..\..\include\core\VertexFormat.h" />
    <ClInclude Include="core_pch.h" />
    <ClInclude Include="WMInput.h" />
    <ClInclude Include="..\..\include\core\MeshUtil.h" />
  </ItemGroup>
</Project>