<?xml version="1.0" encoding="utf-8"?>
<Project ToolsVersion="4.0" xmlns="http://schemas.microsoft.com/developer/msbuild/2003">
  <ItemGroup>
    <Filter Include="源文件">
      <UniqueIdentifier>{4FC737F1-C7A5-4376-A066-2A32D752A2FF}</UniqueIdentifier>
      <Extensions>cpp;c;cc;cxx;def;odl;idl;hpj;bat;asm;asmx</Extensions>
    </Filter>
    <Filter Include="头文件">
      <UniqueIdentifier>{93995380-89BD-4b04-88EB-625FBE52EBFB}</UniqueIdentifier>
      <Extensions>h;hpp;hxx;hm;inl;inc;xsd</Extensions>
    </Filter>
    <Filter Include="资源文件">
      <UniqueIdentifier>{67DA6AB6-F800-4c08-8B7A-83BB121AAD01}</UniqueIdentifier>
      <Extensions>rc;ico;cur;bmp;dlg;rc2;rct;bin;rgs;gif;jpg;jpeg;jpe;resx;tiff;tif;png;wav;mfcribbon-ms</Extensions>
    </Filter>
  </ItemGroup>
  <ItemGroup>
    <ClInclude Include="core_pch.h">
      <Filter>头文件</Filter>
    </ClInclude>
    <ClInclude Include="..\..\include\core\GameObject.h">
      <Filter>头文件</Filter>
    </ClInclude>
    <ClInclude Include="..\..\include\core\GameObjectManager.h">
      <Filter>头文件</Filter>
    </ClInclude>
    <ClInclude Include="..\..\include\core\GameObjectComponent.h">
      <Filter>头文件</Filter>
    </ClInclude>
    <ClInclude Include="..\..\include\core\core_ptr.h">
      <Filter>头文件</Filter>
    </ClInclude>
    <ClInclude Include="..\..\include\core\core_all.h">
      <Filter>头文件</Filter>
    </ClInclude>
    <ClInclude Include="..\..\include\core\Sys_Graphics.h">
      <Filter>头文件</Filter>
    </ClInclude>
    <ClInclude Include="..\..\include\core\Sys_Input.h">
      <Filter>头文件</Filter>
    </ClInclude>
    <ClInclude Include="..\..\include\core\MeshRenderer.h">
      <Filter>头文件</Filter>
    </ClInclude>
    <ClInclude Include="..\..\include\core\Mesh.h">
      <Filter>头文件</Filter>
    </ClInclude>
    <ClInclude Include="..\..\include\core\Sys_Sound.h">
      <Filter>头文件</Filter>
    </ClInclude>
    <ClInclude Include="..\..\include\core\SysManager.h">
      <Filter>头文件</Filter>
    </ClInclude>
    <ClInclude Include="..\..\include\core\Sys_Physics.h">
      <Filter>头文件</Filter>
    </ClInclude>
    <ClInclude Include="..\..\include\core\Camera.h">
      <Filter>头文件</Filter>
    </ClInclude>
    <ClInclude Include="..\..\include\core\Scene.h">
      <Filter>头文件</Filter>
    </ClInclude>
    <ClInclude Include="..\..\include\core\SoundEmitter.h">
      <Filter>头文件</Filter>
    </ClInclude>
    <ClInclude Include="..\..\include\core\SoundListener.h">
      <Filter>头文件</Filter>
    </ClInclude>
    <ClInclude Include="..\..\include\core\ParticleRenderer.h">
      <Filter>头文件</Filter>
    </ClInclude>
    <ClInclude Include="..\..\include\core\MeshData.h">
      <Filter>头文件</Filter>
    </ClInclude>
    <ClInclude Include="..\..\include\core\MeshAnimator.h">
      <Filter>头文件</Filter>
    </ClInclude>
    <ClInclude Include="..\..\include\core\Behavior.h">
      <Filter>头文件</Filter>
    </ClInclude>
    <ClInclude Include="..\..\include\core\Texture.h">
      <Filter>头文件</Filter>
    </ClInclude>
    <ClInclude Include="..\..\include\core\GFX.h">
      <Filter>头文件</Filter>
    </ClInclude>
    <ClInclude Include="..\..\include\core\GPUBuffer.h">
      <Filter>头文件</Filter>
    </ClInclude>
    <ClInclude Include="..\..\include\core\VertexFormat.h">
      <Filter>头文件</Filter>
    </ClInclude>
    <ClInclude Include="..\..\include\core\GameInterface.h">
      <Filter>头文件</Filter>
    </ClInclude>
    <ClInclude Include="..\..\include\core\CoreApi.h">
      <Filter>头文件</Filter>
    </ClInclude>
    <ClInclude Include="WMInput.h">
      <Filter>头文件</Filter>
    </ClInclude>
    <ClInclude Include="..\..\include\core\RenderTarget.h">
      <Filter>头文件</Filter>
    </ClInclude>
    <ClInclude Include="..\..\include\core\DepthStencilBuffer.h">
      <Filter>头文件</Filter>
    </ClInclude>
    <ClInclude Include="..\..\include\core\g_format.h">
      <Filter>头文件</Filter>
    </ClInclude>
    <ClInclude Include="..\..\include\core\RenderData.h">
      <Filter>头文件</Filter>
    </ClInclude>
    <ClInclude Include="..\..\include\core\RenderSystem.h">
      <Filter>头文件</Filter>
    </ClInclude>
    <ClInclude Include="..\..\include\core\BaseCamera.h">
      <Filter>头文件</Filter>
    </ClInclude>
    <ClInclude Include="..\..\include\core\MultiRenderTarget.h">
      <Filter>头文件</Filter>
    </ClInclude>
    <ClInclude Include="..\..\include\core\ArcBall.h">
      <Filter>头文件</Filter>
    </ClInclude>
    <ClInclude Include="..\..\include\core\DataStream.h">
      <Filter>头文件</Filter>
    </ClInclude>
    <ClInclude Include="..\..\include\core\DataStream_File.h">
      <Filter>头文件</Filter>
    </ClInclude>
    <ClInclude Include="..\..\include\core\Serializer.h">
      <Filter>头文件</Filter>
    </ClInclude>
    <ClInclude Include="..\..\include\core\MeshSerializer.h">
      <Filter>头文件</Filter>
    </ClInclude>
    <ClInclude Include="..\..\include\core\MeshSerializer_XML.h">
      <Filter>头文件</Filter>
    </ClInclude>
  </ItemGroup>
  <ItemGroup>
    <ClCompile Include="core_pch.cpp">
      <Filter>源文件</Filter>
    </ClCompile>
    <ClCompile Include="GameObject.cpp">
      <Filter>源文件</Filter>
    </ClCompile>
    <ClCompile Include="GameObjectManager.cpp">
      <Filter>源文件</Filter>
    </ClCompile>
    <ClCompile Include="GameObjectComponent.cpp">
      <Filter>源文件</Filter>
    </ClCompile>
    <ClCompile Include="MeshRenderer.cpp">
      <Filter>源文件</Filter>
    </ClCompile>
    <ClCompile Include="Mesh.cpp">
      <Filter>源文件</Filter>
    </ClCompile>
    <ClCompile Include="SysManager.cpp">
      <Filter>源文件</Filter>
    </ClCompile>
    <ClCompile Include="Camera.cpp">
      <Filter>源文件</Filter>
    </ClCompile>
    <ClCompile Include="Scene.cpp">
      <Filter>源文件</Filter>
    </ClCompile>
    <ClCompile Include="SoundEmitter.cpp">
      <Filter>源文件</Filter>
    </ClCompile>
    <ClCompile Include="SoundListener.cpp">
      <Filter>源文件</Filter>
    </ClCompile>
    <ClCompile Include="ParticleRenderer.cpp">
      <Filter>源文件</Filter>
    </ClCompile>
    <ClCompile Include="MeshData.cpp">
      <Filter>源文件</Filter>
    </ClCompile>
    <ClCompile Include="MeshAnimator.cpp">
      <Filter>源文件</Filter>
    </ClCompile>
    <ClCompile Include="Behavior.cpp">
      <Filter>源文件</Filter>
    </ClCompile>
    <ClCompile Include="CoreApi.cpp">
      <Filter>源文件</Filter>
    </ClCompile>
    <ClCompile Include="WMInput.cpp">
      <Filter>源文件</Filter>
    </ClCompile>
    <ClCompile Include="RenderSystem.cpp">
      <Filter>源文件</Filter>
    </ClCompile>
    <ClCompile Include="BaseCamera.cpp">
      <Filter>源文件</Filter>
    </ClCompile>
    <ClCompile Include="ArcBall.cpp">
      <Filter>源文件</Filter>
    </ClCompile>
    <ClCompile Include="DataStream_File.cpp">
      <Filter>源文件</Filter>
    </ClCompile>
    <ClCompile Include="MeshSerializer_XML.cpp">
      <Filter>源文件</Filter>
    </ClCompile>
  </ItemGroup>
</Project>