
Microsoft Visual Studio Solution File, Format Version 12.00
# Visual Studio 2012
Project("{8BC9CEB8-8B4A-11D0-8D11-00A0C91BC942}") = "engine", "engine\engine.vcxproj", "{E0053528-CC93-484F-8D79-4278E436C03D}"
	ProjectSection(ProjectDependencies) = postProject
		{A2407401-1B15-44BB-B285-5878BDE949C7} = {A2407401-1B15-44BB-B285-5878BDE949C7}
		{F2C47D0B-30F0-4120-86FC-2D70B7AE1775} = {F2C47D0B-30F0-4120-86FC-2D70B7AE1775}
		{345E5016-6171-456E-AC63-0026F0997D9A} = {345E5016-6171-456E-AC63-0026F0997D9A}
		{60A6EE1C-FFBC-4E86-8185-5BAB6E1A1645} = {60A6EE1C-FFBC-4E86-8185-5BAB6E1A1645}
		{11E17A2E-A163-4649-9719-BD986E0A9441} = {11E17A2E-A163-4649-9719-BD986E0A9441}
		{40015AC8-0F79-4927-895D-ADD7C1BE2A2D} = {40015AC8-0F79-4927-895D-ADD7C1BE2A2D}
	EndProjectSection
EndProject
Project("{8BC9CEB8-8B4A-11D0-8D11-00A0C91BC942}") = "core", "core\core.vcxproj", "{A2407401-1B15-44BB-B285-5878BDE949C7}"
	ProjectSection(ProjectDependencies) = postProject
		{60A6EE1C-FFBC-4E86-8185-5BAB6E1A1645} = {60A6EE1C-FFBC-4E86-8185-5BAB6E1A1645}
	EndProjectSection
EndProject
Project("{8BC9CEB8-8B4A-11D0-8D11-00A0C91BC942}") = "d11graphics", "d11graphics\d11graphics.vcxproj", "{345E5016-6171-456E-AC63-0026F0997D9A}"
	ProjectSection(ProjectDependencies) = postProject
		{A2407401-1B15-44BB-B285-5878BDE949C7} = {A2407401-1B15-44BB-B285-5878BDE949C7}
	EndProjectSection
EndProject
Project("{8BC9CEB8-8B4A-11D0-8D11-00A0C91BC942}") = "game", "game\game.vcxproj", "{F2C47D0B-30F0-4120-86FC-2D70B7AE1775}"
	ProjectSection(ProjectDependencies) = postProject
		{A2407401-1B15-44BB-B285-5878BDE949C7} = {A2407401-1B15-44BB-B285-5878BDE949C7}
		{345E5016-6171-456E-AC63-0026F0997D9A} = {345E5016-6171-456E-AC63-0026F0997D9A}
		{60A6EE1C-FFBC-4E86-8185-5BAB6E1A1645} = {60A6EE1C-FFBC-4E86-8185-5BAB6E1A1645}
		{11E17A2E-A163-4649-9719-BD986E0A9441} = {11E17A2E-A163-4649-9719-BD986E0A9441}
		{40015AC8-0F79-4927-895D-ADD7C1BE2A2D} = {40015AC8-0F79-4927-895D-ADD7C1BE2A2D}
	EndProjectSection
EndProject
Project("{8BC9CEB8-8B4A-11D0-8D11-00A0C91BC942}") = "GameEditor", "GameEditor\GameEditor.vcxproj", "{50632825-291A-42C8-BF9B-28C94FD24CFE}"
	ProjectSection(ProjectDependencies) = postProject
		{A2407401-1B15-44BB-B285-5878BDE949C7} = {A2407401-1B15-44BB-B285-5878BDE949C7}
		{345E5016-6171-456E-AC63-0026F0997D9A} = {345E5016-6171-456E-AC63-0026F0997D9A}
		{60A6EE1C-FFBC-4E86-8185-5BAB6E1A1645} = {60A6EE1C-FFBC-4E86-8185-5BAB6E1A1645}
		{11E17A2E-A163-4649-9719-BD986E0A9441} = {11E17A2E-A163-4649-9719-BD986E0A9441}
		{8DDD8279-AD96-4186-888F-0F922F2725CB} = {8DDD8279-AD96-4186-888F-0F922F2725CB}
		{40015AC8-0F79-4927-895D-ADD7C1BE2A2D} = {40015AC8-0F79-4927-895D-ADD7C1BE2A2D}
	EndProjectSection
EndProject
Project("{8BC9CEB8-8B4A-11D0-8D11-00A0C91BC942}") = "utils", "utils\utils.vcxproj", "{60A6EE1C-FFBC-4E86-8185-5BAB6E1A1645}"
EndProject
Project("{8BC9CEB8-8B4A-11D0-8D11-00A0C91BC942}") = "ext_core", "ext_core\ext_core.vcxproj", "{40015AC8-0F79-4927-895D-ADD7C1BE2A2D}"
	ProjectSection(ProjectDependencies) = postProject
		{A2407401-1B15-44BB-B285-5878BDE949C7} = {A2407401-1B15-44BB-B285-5878BDE949C7}
		{345E5016-6171-456E-AC63-0026F0997D9A} = {345E5016-6171-456E-AC63-0026F0997D9A}
		{60A6EE1C-FFBC-4E86-8185-5BAB6E1A1645} = {60A6EE1C-FFBC-4E86-8185-5BAB6E1A1645}
	EndProjectSection
EndProject
Project("{8BC9CEB8-8B4A-11D0-8D11-00A0C91BC942}") = "ext_dt", "ext_dt\ext_dt.vcxproj", "{8DDD8279-AD96-4186-888F-0F922F2725CB}"
	ProjectSection(ProjectDependencies) = postProject
		{A2407401-1B15-44BB-B285-5878BDE949C7} = {A2407401-1B15-44BB-B285-5878BDE949C7}
		{345E5016-6171-456E-AC63-0026F0997D9A} = {345E5016-6171-456E-AC63-0026F0997D9A}
		{60A6EE1C-FFBC-4E86-8185-5BAB6E1A1645} = {60A6EE1C-FFBC-4E86-8185-5BAB6E1A1645}
		{11E17A2E-A163-4649-9719-BD986E0A9441} = {11E17A2E-A163-4649-9719-BD986E0A9441}
		{40015AC8-0F79-4927-895D-ADD7C1BE2A2D} = {40015AC8-0F79-4927-895D-ADD7C1BE2A2D}
	EndProjectSection
EndProject
Project("{8BC9CEB8-8B4A-11D0-8D11-00A0C91BC942}") = "ext_voxel", "ext_voxel\ext_voxel.vcxproj", "{11E17A2E-A163-4649-9719-BD986E0A9441}"
	ProjectSection(ProjectDependencies) = postProject
		{A2407401-1B15-44BB-B285-5878BDE949C7} = {A2407401-1B15-44BB-B285-5878BDE949C7}
		{345E5016-6171-456E-AC63-0026F0997D9A} = {345E5016-6171-456E-AC63-0026F0997D9A}
		{60A6EE1C-FFBC-4E86-8185-5BAB6E1A1645} = {60A6EE1C-FFBC-4E86-8185-5BAB6E1A1645}
		{40015AC8-0F79-4927-895D-ADD7C1BE2A2D} = {40015AC8-0F79-4927-895D-ADD7C1BE2A2D}
	EndProjectSection
EndProject
Project("{8BC9CEB8-8B4A-11D0-8D11-00A0C91BC942}") = "fmod_sound", "fmod_sound\fmod_sound.vcxproj", "{09F51CC9-EA16-4F44-B548-4155FC5063EF}"
EndProject
Global
	GlobalSection(SolutionConfigurationPlatforms) = preSolution
		Debug|Win32 = Debug|Win32
		Release|Win32 = Release|Win32
	EndGlobalSection
	GlobalSection(ProjectConfigurationPlatforms) = postSolution
		{E0053528-CC93-484F-8D79-4278E436C03D}.Debug|Win32.ActiveCfg = Debug|Win32
		{E0053528-CC93-484F-8D79-4278E436C03D}.Debug|Win32.Build.0 = Debug|Win32
		{E0053528-CC93-484F-8D79-4278E436C03D}.Release|Win32.ActiveCfg = Release|Win32
		{E0053528-CC93-484F-8D79-4278E436C03D}.Release|Win32.Build.0 = Release|Win32
		{A2407401-1B15-44BB-B285-5878BDE949C7}.Debug|Win32.ActiveCfg = Debug|Win32
		{A2407401-1B15-44BB-B285-5878BDE949C7}.Debug|Win32.Build.0 = Debug|Win32
		{A2407401-1B15-44BB-B285-5878BDE949C7}.Release|Win32.ActiveCfg = Release|Win32
		{A2407401-1B15-44BB-B285-5878BDE949C7}.Release|Win32.Build.0 = Release|Win32
		{345E5016-6171-456E-AC63-0026F0997D9A}.Debug|Win32.ActiveCfg = Debug|Win32
		{345E5016-6171-456E-AC63-0026F0997D9A}.Debug|Win32.Build.0 = Debug|Win32
		{345E5016-6171-456E-AC63-0026F0997D9A}.Release|Win32.ActiveCfg = Release|Win32
		{345E5016-6171-456E-AC63-0026F0997D9A}.Release|Win32.Build.0 = Release|Win32
		{F2C47D0B-30F0-4120-86FC-2D70B7AE1775}.Debug|Win32.ActiveCfg = Debug|Win32
		{F2C47D0B-30F0-4120-86FC-2D70B7AE1775}.Debug|Win32.Build.0 = Debug|Win32
		{F2C47D0B-30F0-4120-86FC-2D70B7AE1775}.Release|Win32.ActiveCfg = Release|Win32
		{F2C47D0B-30F0-4120-86FC-2D70B7AE1775}.Release|Win32.Build.0 = Release|Win32
		{50632825-291A-42C8-BF9B-28C94FD24CFE}.Debug|Win32.ActiveCfg = Debug|Win32
		{50632825-291A-42C8-BF9B-28C94FD24CFE}.Debug|Win32.Build.0 = Debug|Win32
		{50632825-291A-42C8-BF9B-28C94FD24CFE}.Release|Win32.ActiveCfg = Release|Win32
		{50632825-291A-42C8-BF9B-28C94FD24CFE}.Release|Win32.Build.0 = Release|Win32
		{60A6EE1C-FFBC-4E86-8185-5BAB6E1A1645}.Debug|Win32.ActiveCfg = Debug|Win32
		{60A6EE1C-FFBC-4E86-8185-5BAB6E1A1645}.Debug|Win32.Build.0 = Debug|Win32
		{60A6EE1C-FFBC-4E86-8185-5BAB6E1A1645}.Release|Win32.ActiveCfg = Release|Win32
		{60A6EE1C-FFBC-4E86-8185-5BAB6E1A1645}.Release|Win32.Build.0 = Release|Win32
		{40015AC8-0F79-4927-895D-ADD7C1BE2A2D}.Debug|Win32.ActiveCfg = Debug|Win32
		{40015AC8-0F79-4927-895D-ADD7C1BE2A2D}.Debug|Win32.Build.0 = Debug|Win32
		{40015AC8-0F79-4927-895D-ADD7C1BE2A2D}.Release|Win32.ActiveCfg = Release|Win32
		{40015AC8-0F79-4927-895D-ADD7C1BE2A2D}.Release|Win32.Build.0 = Release|Win32
		{8DDD8279-AD96-4186-888F-0F922F2725CB}.Debug|Win32.ActiveCfg = Debug|Win32
		{8DDD8279-AD96-4186-888F-0F922F2725CB}.Debug|Win32.Build.0 = Debug|Win32
		{8DDD8279-AD96-4186-888F-0F922F2725CB}.Release|Win32.ActiveCfg = Release|Win32
		{8DDD8279-AD96-4186-888F-0F922F2725CB}.Release|Win32.Build.0 = Release|Win32
		{11E17A2E-A163-4649-9719-BD986E0A9441}.Debug|Win32.ActiveCfg = Debug|Win32
		{11E17A2E-A163-4649-9719-BD986E0A9441}.Debug|Win32.Build.0 = Debug|Win32
		{11E17A2E-A163-4649-9719-BD986E0A9441}.Release|Win32.ActiveCfg = Release|Win32
		{11E17A2E-A163-4649-9719-BD986E0A9441}.Release|Win32.Build.0 = Release|Win32
		{09F51CC9-EA16-4F44-B548-4155FC5063EF}.Debug|Win32.ActiveCfg = Debug|Win32
		{09F51CC9-EA16-4F44-B548-4155FC5063EF}.Debug|Win32.Build.0 = Debug|Win32
		{09F51CC9-EA16-4F44-B548-4155FC5063EF}.Release|Win32.ActiveCfg = Release|Win32
		{09F51CC9-EA16-4F44-B548-4155FC5063EF}.Release|Win32.Build.0 = Release|Win32
	EndGlobalSection
	GlobalSection(SolutionProperties) = preSolution
		HideSolutionNode = FALSE
	EndGlobalSection
EndGlobal
