
Microsoft Visual Studio Solution File, Format Version 10.00
# Visual Studio 2008
Project("{8BC9CEB8-8B4A-11D0-8D11-00A0C91BC942}") = "EntityLayer", "EntityLayer\EntityLayer.vcproj", "{CB90AABD-C528-494A-8013-877468E529FD}"
EndProject
Project("{8BC9CEB8-8B4A-11D0-8D11-00A0C91BC942}") = "EL_Test", "EL_Test\EL_Test.vcproj", "{257CC4E1-1445-436C-8532-9BE8190A448C}"
	ProjectSection(ProjectDependencies) = postProject
		{CB90AABD-C528-494A-8013-877468E529FD} = {CB90AABD-C528-494A-8013-877468E529FD}
	EndProjectSection
EndProject
Global
	GlobalSection(SolutionConfigurationPlatforms) = preSolution
		Debug|Win32 = Debug|Win32
		Release|Win32 = Release|Win32
	EndGlobalSection
	GlobalSection(ProjectConfigurationPlatforms) = postSolution
		{CB90AABD-C528-494A-8013-877468E529FD}.Debug|Win32.ActiveCfg = Debug|Win32
		{CB90AABD-C528-494A-8013-877468E529FD}.Debug|Win32.Build.0 = Debug|Win32
		{CB90AABD-C528-494A-8013-877468E529FD}.Release|Win32.ActiveCfg = Release|Win32
		{CB90AABD-C528-494A-8013-877468E529FD}.Release|Win32.Build.0 = Release|Win32
		{257CC4E1-1445-436C-8532-9BE8190A448C}.Debug|Win32.ActiveCfg = Debug|Win32
		{257CC4E1-1445-436C-8532-9BE8190A448C}.Debug|Win32.Build.0 = Debug|Win32
		{257CC4E1-1445-436C-8532-9BE8190A448C}.Release|Win32.ActiveCfg = Release|Win32
		{257CC4E1-1445-436C-8532-9BE8190A448C}.Release|Win32.Build.0 = Release|Win32
	EndGlobalSection
	GlobalSection(SolutionProperties) = preSolution
		HideSolutionNode = FALSE
	EndGlobalSection
EndGlobal
