<?xml version="1.0" encoding="utf-8"?>
<Project ToolsVersion="4.0" xmlns="http://schemas.microsoft.com/developer/msbuild/2003">
  <ItemGroup>
    <Filter Include="源文件">
      <UniqueIdentifier>{4FC737F1-C7A5-4376-A066-2A32D752A2FF}</UniqueIdentifier>
      <Extensions>cpp;c;cc;cxx;def;odl;idl;hpj;bat;asm;asmx</Extensions>
    </Filter>
    <Filter Include="头文件">
      <UniqueIdentifier>{93995380-89BD-4b04-88EB-625FBE52EBFB}</UniqueIdentifier>
      <Extensions>h;hpp;hxx;hm;inl;inc;xsd</Extensions>
    </Filter>
    <Filter Include="资源文件">
      <UniqueIdentifier>{67DA6AB6-F800-4c08-8B7A-83BB121AAD01}</UniqueIdentifier>
      <Extensions>rc;ico;cur;bmp;dlg;rc2;rct;bin;rgs;gif;jpg;jpeg;jpe;resx;tiff;tif;png;wav;mfcribbon-ms</Extensions>
    </Filter>
  </ItemGroup>
  <ItemGroup>
    <ClInclude Include="core_ext_pch.h">
      <Filter>头文件</Filter>
    </ClInclude>
    <ClInclude Include="..\..\include\core\ext\MeshData.h">
      <Filter>头文件</Filter>
    </ClInclude>
    <ClInclude Include="Package.h">
      <Filter>头文件</Filter>
    </ClInclude>
    <ClInclude Include="..\..\include\core\ext\MeshRenderer.h">
      <Filter>头文件</Filter>
    </ClInclude>
    <ClInclude Include="..\..\include\core\ext\PropertyManager.h">
      <Filter>头文件</Filter>
    </ClInclude>
    <ClInclude Include="..\..\include\core\ext\Behavior.h">
      <Filter>头文件</Filter>
    </ClInclude>
    <ClInclude Include="..\..\include\core\ext\MeshAnimator.h">
      <Filter>头文件</Filter>
    </ClInclude>
    <ClInclude Include="..\..\include\core\ext\ParticleRenderer.h">
      <Filter>头文件</Filter>
    </ClInclude>
    <ClInclude Include="..\..\include\core\ext\SoundEmitter.h">
      <Filter>头文件</Filter>
    </ClInclude>
    <ClInclude Include="..\..\include\core\ext\SoundListener.h">
      <Filter>头文件</Filter>
    </ClInclude>
    <ClInclude Include="..\..\include\core\ext\WorldMeshRenderer.h">
      <Filter>头文件</Filter>
    </ClInclude>
    <ClInclude Include="..\..\include\core\ext\core_ext_all.h">
      <Filter>头文件</Filter>
    </ClInclude>
    <ClInclude Include="..\..\include\core\ext\core_ext_ptr.h">
      <Filter>头文件</Filter>
    </ClInclude>
    <ClInclude Include="..\..\include\core\ext\Light_Dir.h">
      <Filter>头文件</Filter>
    </ClInclude>
    <ClInclude Include="..\..\include\core\ext\Light_Point.h">
      <Filter>头文件</Filter>
    </ClInclude>
    <ClInclude Include="..\..\include\core\ext\Light_Spot.h">
      <Filter>头文件</Filter>
    </ClInclude>
  </ItemGroup>
  <ItemGroup>
    <ClCompile Include="core_ext_pch.cpp">
      <Filter>源文件</Filter>
    </ClCompile>
    <ClCompile Include="MeshData.cpp">
      <Filter>源文件</Filter>
    </ClCompile>
    <ClCompile Include="Package.cpp">
      <Filter>源文件</Filter>
    </ClCompile>
    <ClCompile Include="MeshRenderer.cpp">
      <Filter>源文件</Filter>
    </ClCompile>
    <ClCompile Include="PropertyManager.cpp">
      <Filter>源文件</Filter>
    </ClCompile>
    <ClCompile Include="Behavior.cpp">
      <Filter>源文件</Filter>
    </ClCompile>
    <ClCompile Include="MeshAnimator.cpp">
      <Filter>源文件</Filter>
    </ClCompile>
    <ClCompile Include="ParticleRenderer.cpp">
      <Filter>源文件</Filter>
    </ClCompile>
    <ClCompile Include="SoundEmitter.cpp">
      <Filter>源文件</Filter>
    </ClCompile>
    <ClCompile Include="SoundListener.cpp">
      <Filter>源文件</Filter>
    </ClCompile>
    <ClCompile Include="WorldMeshRenderer.cpp">
      <Filter>源文件</Filter>
    </ClCompile>
    <ClCompile Include="Light_Dir.cpp">
      <Filter>源文件</Filter>
    </ClCompile>
    <ClCompile Include="Light_Point.cpp">
      <Filter>源文件</Filter>
    </ClCompile>
    <ClCompile Include="Light_Spot.cpp">
      <Filter>源文件</Filter>
    </ClCompile>
  </ItemGroup>
</Project>