<?xml version="1.0" encoding="utf-8"?>
<Project ToolsVersion="4.0" xmlns="http://schemas.microsoft.com/developer/msbuild/2003">
  <ItemGroup>
    <Filter Include="源文件">
      <UniqueIdentifier>{4FC737F1-C7A5-4376-A066-2A32D752A2FF}</UniqueIdentifier>
      <Extensions>cpp;c;cc;cxx;def;odl;idl;hpj;bat;asm;asmx</Extensions>
    </Filter>
    <Filter Include="头文件">
      <UniqueIdentifier>{93995380-89BD-4b04-88EB-625FBE52EBFB}</UniqueIdentifier>
      <Extensions>h;hpp;hxx;hm;inl;inc;xsd</Extensions>
    </Filter>
    <Filter Include="资源文件">
      <UniqueIdentifier>{67DA6AB6-F800-4c08-8B7A-83BB121AAD01}</UniqueIdentifier>
      <Extensions>rc;ico;cur;bmp;dlg;rc2;rct;bin;rgs;gif;jpg;jpeg;jpe;resx;tiff;tif;png;wav;mfcribbon-ms</Extensions>
    </Filter>
  </ItemGroup>
  <ItemGroup>
    <ClInclude Include="voxel_pch.h">
      <Filter>头文件</Filter>
    </ClInclude>
    <ClInclude Include="..\..\include\ext_voxel\Voxel.h">
      <Filter>头文件</Filter>
    </ClInclude>
    <ClInclude Include="..\..\include\ext_voxel\VoxelChunk.h">
      <Filter>头文件</Filter>
    </ClInclude>
    <ClInclude Include="..\..\include\ext_voxel\VoxelBlock.h">
      <Filter>头文件</Filter>
    </ClInclude>
    <ClInclude Include="..\..\include\ext_voxel\VoxelWorld.h">
      <Filter>头文件</Filter>
    </ClInclude>
    <ClInclude Include="VoxelWorldRenderData.h">
      <Filter>头文件</Filter>
    </ClInclude>
    <ClInclude Include="VoxelSerializer.h">
      <Filter>头文件</Filter>
    </ClInclude>
    <ClInclude Include="..\..\include\ext_voxel\voxel_all.h">
      <Filter>头文件</Filter>
    </ClInclude>
    <ClInclude Include="..\..\include\ext_voxel\voxel_ptr.h">
      <Filter>头文件</Filter>
    </ClInclude>
    <ClInclude Include="..\..\include\ext_voxel\VoxelWorldRenderer.h">
      <Filter>头文件</Filter>
    </ClInclude>
    <ClInclude Include="VoxelPackage.h">
      <Filter>头文件</Filter>
    </ClInclude>
    <ClInclude Include="VoxelWorldTemplate.h">
      <Filter>头文件</Filter>
    </ClInclude>
    <ClInclude Include="..\..\include\ext_voxel\VoxelObject.h">
      <Filter>头文件</Filter>
    </ClInclude>
    <ClInclude Include="..\..\include\ext_voxel\VoxelObjectRenderer.h">
      <Filter>头文件</Filter>
    </ClInclude>
    <ClInclude Include="VoxelObjectTemplate.h">
      <Filter>头文件</Filter>
    </ClInclude>
    <ClInclude Include="VoxelWorldGenerator.h">
      <Filter>头文件</Filter>
    </ClInclude>
    <ClInclude Include="VoxelPolygonizer.h">
      <Filter>头文件</Filter>
    </ClInclude>
  </ItemGroup>
  <ItemGroup>
    <ClCompile Include="voxel_pch.cpp">
      <Filter>源文件</Filter>
    </ClCompile>
    <ClCompile Include="Voxel.cpp">
      <Filter>源文件</Filter>
    </ClCompile>
    <ClCompile Include="VoxelChunk.cpp">
      <Filter>源文件</Filter>
    </ClCompile>
    <ClCompile Include="VoxelBlock.cpp">
      <Filter>源文件</Filter>
    </ClCompile>
    <ClCompile Include="VoxelWorld.cpp">
      <Filter>源文件</Filter>
    </ClCompile>
    <ClCompile Include="VoxelWorldRenderData.cpp">
      <Filter>源文件</Filter>
    </ClCompile>
    <ClCompile Include="VoxelSerializer.cpp">
      <Filter>源文件</Filter>
    </ClCompile>
    <ClCompile Include="VoxelWorldRenderer.cpp">
      <Filter>源文件</Filter>
    </ClCompile>
    <ClCompile Include="VoxelPackage.cpp">
      <Filter>源文件</Filter>
    </ClCompile>
    <ClCompile Include="VoxelWorldTemplate.cpp">
      <Filter>源文件</Filter>
    </ClCompile>
    <ClCompile Include="VoxelObject.cpp">
      <Filter>源文件</Filter>
    </ClCompile>
    <ClCompile Include="VoxelObjectRenderer.cpp">
      <Filter>源文件</Filter>
    </ClCompile>
    <ClCompile Include="VoxelObjectTemplate.cpp">
      <Filter>源文件</Filter>
    </ClCompile>
    <ClCompile Include="VoxelWorldGenerator.cpp">
      <Filter>源文件</Filter>
    </ClCompile>
    <ClCompile Include="VoxelPolygonizer.cpp">
      <Filter>源文件</Filter>
    </ClCompile>
  </ItemGroup>
</Project>