
Microsoft Visual Studio Solution File, Format Version 12.00
# Visual Studio 2012
Project("{8BC9CEB8-8B4A-11D0-8D11-00A0C91BC942}") = "engine", "engine\engine.vcxproj", "{E0053528-CC93-484F-8D79-4278E436C03D}"
	ProjectSection(ProjectDependencies) = postProject
		{A2407401-1B15-44BB-B285-5878BDE949C7} = {A2407401-1B15-44BB-B285-5878BDE949C7}
		{F2C47D0B-30F0-4120-86FC-2D70B7AE1775} = {F2C47D0B-30F0-4120-86FC-2D70B7AE1775}
		{345E5016-6171-456E-AC63-0026F0997D9A} = {345E5016-6171-456E-AC63-0026F0997D9A}
	EndProjectSection
EndProject
Project("{8BC9CEB8-8B4A-11D0-8D11-00A0C91BC942}") = "core", "core\core.vcxproj", "{A2407401-1B15-44BB-B285-5878BDE949C7}"
EndProject
Project("{8BC9CEB8-8B4A-11D0-8D11-00A0C91BC942}") = "d11graphics", "d11graphics\d11graphics.vcxproj", "{345E5016-6171-456E-AC63-0026F0997D9A}"
	ProjectSection(ProjectDependencies) = postProject
		{A2407401-1B15-44BB-B285-5878BDE949C7} = {A2407401-1B15-44BB-B285-5878BDE949C7}
	EndProjectSection
EndProject
Project("{8BC9CEB8-8B4A-11D0-8D11-00A0C91BC942}") = "game", "game\game.vcxproj", "{F2C47D0B-30F0-4120-86FC-2D70B7AE1775}"
	ProjectSection(ProjectDependencies) = postProject
		{A2407401-1B15-44BB-B285-5878BDE949C7} = {A2407401-1B15-44BB-B285-5878BDE949C7}
		{345E5016-6171-456E-AC63-0026F0997D9A} = {345E5016-6171-456E-AC63-0026F0997D9A}
	EndProjectSection
EndProject
Project("{8BC9CEB8-8B4A-11D0-8D11-00A0C91BC942}") = "GameEditor", "GameEditor\GameEditor.vcxproj", "{50632825-291A-42C8-BF9B-28C94FD24CFE}"
	ProjectSection(ProjectDependencies) = postProject
		{A2407401-1B15-44BB-B285-5878BDE949C7} = {A2407401-1B15-44BB-B285-5878BDE949C7}
		{345E5016-6171-456E-AC63-0026F0997D9A} = {345E5016-6171-456E-AC63-0026F0997D9A}
		{E0053528-CC93-484F-8D79-4278E436C03D} = {E0053528-CC93-484F-8D79-4278E436C03D}
	EndProjectSection
EndProject
Global
	GlobalSection(SolutionConfigurationPlatforms) = preSolution
		Debug|Win32 = Debug|Win32
		Release|Win32 = Release|Win32
	EndGlobalSection
	GlobalSection(ProjectConfigurationPlatforms) = postSolution
		{E0053528-CC93-484F-8D79-4278E436C03D}.Debug|Win32.ActiveCfg = Debug|Win32
		{E0053528-CC93-484F-8D79-4278E436C03D}.Debug|Win32.Build.0 = Debug|Win32
		{E0053528-CC93-484F-8D79-4278E436C03D}.Release|Win32.ActiveCfg = Release|Win32
		{E0053528-CC93-484F-8D79-4278E436C03D}.Release|Win32.Build.0 = Release|Win32
		{A2407401-1B15-44BB-B285-5878BDE949C7}.Debug|Win32.ActiveCfg = Debug|Win32
		{A2407401-1B15-44BB-B285-5878BDE949C7}.Debug|Win32.Build.0 = Debug|Win32
		{A2407401-1B15-44BB-B285-5878BDE949C7}.Release|Win32.ActiveCfg = Release|Win32
		{A2407401-1B15-44BB-B285-5878BDE949C7}.Release|Win32.Build.0 = Release|Win32
		{345E5016-6171-456E-AC63-0026F0997D9A}.Debug|Win32.ActiveCfg = Debug|Win32
		{345E5016-6171-456E-AC63-0026F0997D9A}.Debug|Win32.Build.0 = Debug|Win32
		{345E5016-6171-456E-AC63-0026F0997D9A}.Release|Win32.ActiveCfg = Release|Win32
		{345E5016-6171-456E-AC63-0026F0997D9A}.Release|Win32.Build.0 = Release|Win32
		{F2C47D0B-30F0-4120-86FC-2D70B7AE1775}.Debug|Win32.ActiveCfg = Debug|Win32
		{F2C47D0B-30F0-4120-86FC-2D70B7AE1775}.Debug|Win32.Build.0 = Debug|Win32
		{F2C47D0B-30F0-4120-86FC-2D70B7AE1775}.Release|Win32.ActiveCfg = Release|Win32
		{F2C47D0B-30F0-4120-86FC-2D70B7AE1775}.Release|Win32.Build.0 = Release|Win32
		{50632825-291A-42C8-BF9B-28C94FD24CFE}.Debug|Win32.ActiveCfg = Debug|Win32
		{50632825-291A-42C8-BF9B-28C94FD24CFE}.Debug|Win32.Build.0 = Debug|Win32
		{50632825-291A-42C8-BF9B-28C94FD24CFE}.Release|Win32.ActiveCfg = Release|Win32
		{50632825-291A-42C8-BF9B-28C94FD24CFE}.Release|Win32.Build.0 = Release|Win32
	EndGlobalSection
	GlobalSection(SolutionProperties) = preSolution
		HideSolutionNode = FALSE
	EndGlobalSection
EndGlobal
