
Microsoft Visual Studio Solution File, Format Version 11.00
# Visual Studio 2010
Project("{8BC9CEB8-8B4A-11D0-8D11-00A0C91BC942}") = "host_proc", "sys\host_proc\host_proc.vcxproj", "{6CBC2CDC-7CF2-403C-BE4F-209A65BF8F8A}"
EndProject
Project("{8BC9CEB8-8B4A-11D0-8D11-00A0C91BC942}") = "loader", "sys\loader\loader.vcxproj", "{070C97AA-F159-4586-A739-424FFE1A30B0}"
EndProject
Project("{8BC9CEB8-8B4A-11D0-8D11-00A0C91BC942}") = "kernel", "sys\kernel\kernel.vcxproj", "{356F0930-AF91-44A2-BAAC-40A534408194}"
EndProject
Global
	GlobalSection(SolutionConfigurationPlatforms) = preSolution
		Debug|Win32 = Debug|Win32
		Release|Win32 = Release|Win32
	EndGlobalSection
	GlobalSection(ProjectConfigurationPlatforms) = postSolution
		{6CBC2CDC-7CF2-403C-BE4F-209A65BF8F8A}.Debug|Win32.ActiveCfg = Debug|Win32
		{6CBC2CDC-7CF2-403C-BE4F-209A65BF8F8A}.Debug|Win32.Build.0 = Debug|Win32
		{6CBC2CDC-7CF2-403C-BE4F-209A65BF8F8A}.Release|Win32.ActiveCfg = Release|Win32
		{6CBC2CDC-7CF2-403C-BE4F-209A65BF8F8A}.Release|Win32.Build.0 = Release|Win32
		{070C97AA-F159-4586-A739-424FFE1A30B0}.Debug|Win32.ActiveCfg = Debug|Win32
		{070C97AA-F159-4586-A739-424FFE1A30B0}.Debug|Win32.Build.0 = Debug|Win32
		{070C97AA-F159-4586-A739-424FFE1A30B0}.Release|Win32.ActiveCfg = Release|Win32
		{070C97AA-F159-4586-A739-424FFE1A30B0}.Release|Win32.Build.0 = Release|Win32
		{356F0930-AF91-44A2-BAAC-40A534408194}.Debug|Win32.ActiveCfg = Debug|Win32
		{356F0930-AF91-44A2-BAAC-40A534408194}.Debug|Win32.Build.0 = Debug|Win32
		{356F0930-AF91-44A2-BAAC-40A534408194}.Release|Win32.ActiveCfg = Release|Win32
		{356F0930-AF91-44A2-BAAC-40A534408194}.Release|Win32.Build.0 = Release|Win32
	EndGlobalSection
	GlobalSection(SolutionProperties) = preSolution
		HideSolutionNode = FALSE
	EndGlobalSection
EndGlobal
