<?xml version="1.0" encoding="utf-8"?>
<Project ToolsVersion="4.0" xmlns="http://schemas.microsoft.com/developer/msbuild/2003">
  <ItemGroup>
    <Filter Include="源文件">
      <UniqueIdentifier>{4FC737F1-C7A5-4376-A066-2A32D752A2FF}</UniqueIdentifier>
      <Extensions>cpp;c;cc;cxx;def;odl;idl;hpj;bat;asm;asmx</Extensions>
    </Filter>
    <Filter Include="头文件">
      <UniqueIdentifier>{93995380-89BD-4b04-88EB-625FBE52EBFB}</UniqueIdentifier>
      <Extensions>h;hpp;hxx;hm;inl;inc;xsd</Extensions>
    </Filter>
    <Filter Include="资源文件">
      <UniqueIdentifier>{67DA6AB6-F800-4c08-8B7A-83BB121AAD01}</UniqueIdentifier>
      <Extensions>rc;ico;cur;bmp;dlg;rc2;rct;bin;rgs;gif;jpg;jpeg;jpe;resx;tiff;tif;png;wav;mfcribbon-ms</Extensions>
    </Filter>
  </ItemGroup>
  <ItemGroup>
    <ClInclude Include="D3D11Graphics.h">
      <Filter>头文件</Filter>
    </ClInclude>
    <ClInclude Include="d11graphics_pch.h">
      <Filter>头文件</Filter>
    </ClInclude>
    <ClInclude Include="D3D11Buffer.h">
      <Filter>头文件</Filter>
    </ClInclude>
    <ClInclude Include="effect11\Effect.h">
      <Filter>头文件</Filter>
    </ClInclude>
    <ClInclude Include="effect11\EffectLoad.h">
      <Filter>头文件</Filter>
    </ClInclude>
    <ClInclude Include="effect11\pchfx.h">
      <Filter>头文件</Filter>
    </ClInclude>
    <ClInclude Include="D3D11Texture.h">
      <Filter>头文件</Filter>
    </ClInclude>
    <ClInclude Include="D3D11DepthStencilBuffer.h">
      <Filter>头文件</Filter>
    </ClInclude>
    <ClInclude Include="D3D11Format.h">
      <Filter>头文件</Filter>
    </ClInclude>
    <ClInclude Include="D3D11EffectMaterial.h">
      <Filter>头文件</Filter>
    </ClInclude>
    <ClInclude Include="D3D11RenderWindow.h">
      <Filter>头文件</Filter>
    </ClInclude>
    <ClInclude Include="D3D11RenderTarget.h">
      <Filter>头文件</Filter>
    </ClInclude>
    <ClInclude Include="D3D11Font.h">
      <Filter>头文件</Filter>
    </ClInclude>
  </ItemGroup>
  <ItemGroup>
    <ClCompile Include="D3D11Graphics.cpp">
      <Filter>源文件</Filter>
    </ClCompile>
    <ClCompile Include="d11graphics_pch.cpp">
      <Filter>源文件</Filter>
    </ClCompile>
    <ClCompile Include="D3D11Buffer.cpp">
      <Filter>源文件</Filter>
    </ClCompile>
    <ClCompile Include="effect11\d3dx11dbg.cpp">
      <Filter>源文件</Filter>
    </ClCompile>
    <ClCompile Include="effect11\d3dxGlobal.cpp">
      <Filter>源文件</Filter>
    </ClCompile>
    <ClCompile Include="effect11\EffectAPI.cpp">
      <Filter>源文件</Filter>
    </ClCompile>
    <ClCompile Include="effect11\EffectLoad.cpp">
      <Filter>源文件</Filter>
    </ClCompile>
    <ClCompile Include="effect11\EffectNonRuntime.cpp">
      <Filter>源文件</Filter>
    </ClCompile>
    <ClCompile Include="effect11\EffectReflection.cpp">
      <Filter>源文件</Filter>
    </ClCompile>
    <ClCompile Include="effect11\EffectRuntime.cpp">
      <Filter>源文件</Filter>
    </ClCompile>
    <ClCompile Include="D3D11Texture.cpp">
      <Filter>源文件</Filter>
    </ClCompile>
    <ClCompile Include="D3D11DepthStencilBuffer.cpp">
      <Filter>源文件</Filter>
    </ClCompile>
    <ClCompile Include="D3D11Format.cpp">
      <Filter>源文件</Filter>
    </ClCompile>
    <ClCompile Include="D3D11EffectMaterial.cpp">
      <Filter>源文件</Filter>
    </ClCompile>
    <ClCompile Include="D3D11RenderWindow.cpp">
      <Filter>源文件</Filter>
    </ClCompile>
    <ClCompile Include="D3D11RenderTarget.cpp">
      <Filter>源文件</Filter>
    </ClCompile>
    <ClCompile Include="D3D11Font.cpp">
      <Filter>源文件</Filter>
    </ClCompile>
  </ItemGroup>
  <ItemGroup>
    <None Include="effect11\EffectVariable.inl">
      <Filter>头文件</Filter>
    </None>
  </ItemGroup>
</Project>