
Microsoft Visual Studio Solution File, Format Version 11.00
# Visual Studio 2010
Project("{8BC9CEB8-8B4A-11D0-8D11-00A0C91BC942}") = "core", "core\core.vcxproj", "{955B35E8-F3F5-44C1-B2CA-A5E969765183}"
EndProject
Project("{8BC9CEB8-8B4A-11D0-8D11-00A0C91BC942}") = "framework", "framework\framework.vcxproj", "{700FC30D-0842-4893-9730-187F8BF6B61D}"
	ProjectSection(ProjectDependencies) = postProject
		{D04A7E14-EEB5-4E9D-981A-37807C329032} = {D04A7E14-EEB5-4E9D-981A-37807C329032}
		{7DBD9620-7958-4402-8BD4-457CE396BC81} = {7DBD9620-7958-4402-8BD4-457CE396BC81}
		{D35A2A22-A512-46C1-BC8C-9819407B403F} = {D35A2A22-A512-46C1-BC8C-9819407B403F}
		{FAC6E532-11FA-4991-A9BE-0E6BF1EF4CAC} = {FAC6E532-11FA-4991-A9BE-0E6BF1EF4CAC}
		{7C86BD50-7752-4E03-BF22-D25C2C8DF6F3} = {7C86BD50-7752-4E03-BF22-D25C2C8DF6F3}
		{7067C7CF-94F9-4D1B-A17E-0F998636B7C6} = {7067C7CF-94F9-4D1B-A17E-0F998636B7C6}
		{955B35E8-F3F5-44C1-B2CA-A5E969765183} = {955B35E8-F3F5-44C1-B2CA-A5E969765183}
		{27490CED-A08E-4350-93A1-970DB08181B9} = {27490CED-A08E-4350-93A1-970DB08181B9}
	EndProjectSection
EndProject
Project("{8BC9CEB8-8B4A-11D0-8D11-00A0C91BC942}") = "sys_audio", "audio\audio.vcxproj", "{27490CED-A08E-4350-93A1-970DB08181B9}"
EndProject
Project("{8BC9CEB8-8B4A-11D0-8D11-00A0C91BC942}") = "sys_graphics", "graphics\graphics.vcxproj", "{7067C7CF-94F9-4D1B-A17E-0F998636B7C6}"
EndProject
Project("{8BC9CEB8-8B4A-11D0-8D11-00A0C91BC942}") = "sys_input", "input\input.vcxproj", "{FAC6E532-11FA-4991-A9BE-0E6BF1EF4CAC}"
EndProject
Project("{8BC9CEB8-8B4A-11D0-8D11-00A0C91BC942}") = "launcher", "launcher\launcher.vcxproj", "{E19B0825-89BF-4761-9F25-AAD3D70E8CBF}"
	ProjectSection(ProjectDependencies) = postProject
		{700FC30D-0842-4893-9730-187F8BF6B61D} = {700FC30D-0842-4893-9730-187F8BF6B61D}
	EndProjectSection
EndProject
Project("{8BC9CEB8-8B4A-11D0-8D11-00A0C91BC942}") = "sys_network", "network\network.vcxproj", "{7DBD9620-7958-4402-8BD4-457CE396BC81}"
EndProject
Project("{8BC9CEB8-8B4A-11D0-8D11-00A0C91BC942}") = "actor", "actor\actor.vcxproj", "{D35A2A22-A512-46C1-BC8C-9819407B403F}"
EndProject
Project("{8BC9CEB8-8B4A-11D0-8D11-00A0C91BC942}") = "scene", "scene\scene.vcxproj", "{D04A7E14-EEB5-4E9D-981A-37807C329032}"
EndProject
Project("{8BC9CEB8-8B4A-11D0-8D11-00A0C91BC942}") = "ui", "ui\ui.vcxproj", "{7C86BD50-7752-4E03-BF22-D25C2C8DF6F3}"
EndProject
Project("{8BC9CEB8-8B4A-11D0-8D11-00A0C91BC942}") = "Game", "..\Game\Game.vcxproj", "{0F713551-07CA-41F8-A199-EE32B810F323}"
	ProjectSection(ProjectDependencies) = postProject
		{700FC30D-0842-4893-9730-187F8BF6B61D} = {700FC30D-0842-4893-9730-187F8BF6B61D}
	EndProjectSection
EndProject
Project("{8BC9CEB8-8B4A-11D0-8D11-00A0C91BC942}") = "ext_core", "ext_core\ext_core.vcxproj", "{799FF801-0FEB-4C3B-A0CA-24745E6F8863}"
EndProject
Global
	GlobalSection(SolutionConfigurationPlatforms) = preSolution
		Debug|Win32 = Debug|Win32
		Release|Win32 = Release|Win32
	EndGlobalSection
	GlobalSection(ProjectConfigurationPlatforms) = postSolution
		{955B35E8-F3F5-44C1-B2CA-A5E969765183}.Debug|Win32.ActiveCfg = Debug|Win32
		{955B35E8-F3F5-44C1-B2CA-A5E969765183}.Debug|Win32.Build.0 = Debug|Win32
		{955B35E8-F3F5-44C1-B2CA-A5E969765183}.Release|Win32.ActiveCfg = Release|Win32
		{955B35E8-F3F5-44C1-B2CA-A5E969765183}.Release|Win32.Build.0 = Release|Win32
		{700FC30D-0842-4893-9730-187F8BF6B61D}.Debug|Win32.ActiveCfg = Debug|Win32
		{700FC30D-0842-4893-9730-187F8BF6B61D}.Debug|Win32.Build.0 = Debug|Win32
		{700FC30D-0842-4893-9730-187F8BF6B61D}.Release|Win32.ActiveCfg = Release|Win32
		{700FC30D-0842-4893-9730-187F8BF6B61D}.Release|Win32.Build.0 = Release|Win32
		{27490CED-A08E-4350-93A1-970DB08181B9}.Debug|Win32.ActiveCfg = Debug|Win32
		{27490CED-A08E-4350-93A1-970DB08181B9}.Debug|Win32.Build.0 = Debug|Win32
		{27490CED-A08E-4350-93A1-970DB08181B9}.Release|Win32.ActiveCfg = Release|Win32
		{27490CED-A08E-4350-93A1-970DB08181B9}.Release|Win32.Build.0 = Release|Win32
		{7067C7CF-94F9-4D1B-A17E-0F998636B7C6}.Debug|Win32.ActiveCfg = Debug|Win32
		{7067C7CF-94F9-4D1B-A17E-0F998636B7C6}.Debug|Win32.Build.0 = Debug|Win32
		{7067C7CF-94F9-4D1B-A17E-0F998636B7C6}.Release|Win32.ActiveCfg = Release|Win32
		{7067C7CF-94F9-4D1B-A17E-0F998636B7C6}.Release|Win32.Build.0 = Release|Win32
		{FAC6E532-11FA-4991-A9BE-0E6BF1EF4CAC}.Debug|Win32.ActiveCfg = Debug|Win32
		{FAC6E532-11FA-4991-A9BE-0E6BF1EF4CAC}.Debug|Win32.Build.0 = Debug|Win32
		{FAC6E532-11FA-4991-A9BE-0E6BF1EF4CAC}.Release|Win32.ActiveCfg = Release|Win32
		{FAC6E532-11FA-4991-A9BE-0E6BF1EF4CAC}.Release|Win32.Build.0 = Release|Win32
		{E19B0825-89BF-4761-9F25-AAD3D70E8CBF}.Debug|Win32.ActiveCfg = Debug|Win32
		{E19B0825-89BF-4761-9F25-AAD3D70E8CBF}.Debug|Win32.Build.0 = Debug|Win32
		{E19B0825-89BF-4761-9F25-AAD3D70E8CBF}.Release|Win32.ActiveCfg = Release|Win32
		{E19B0825-89BF-4761-9F25-AAD3D70E8CBF}.Release|Win32.Build.0 = Release|Win32
		{7DBD9620-7958-4402-8BD4-457CE396BC81}.Debug|Win32.ActiveCfg = Debug|Win32
		{7DBD9620-7958-4402-8BD4-457CE396BC81}.Debug|Win32.Build.0 = Debug|Win32
		{7DBD9620-7958-4402-8BD4-457CE396BC81}.Release|Win32.ActiveCfg = Release|Win32
		{7DBD9620-7958-4402-8BD4-457CE396BC81}.Release|Win32.Build.0 = Release|Win32
		{D35A2A22-A512-46C1-BC8C-9819407B403F}.Debug|Win32.ActiveCfg = Debug|Win32
		{D35A2A22-A512-46C1-BC8C-9819407B403F}.Debug|Win32.Build.0 = Debug|Win32
		{D35A2A22-A512-46C1-BC8C-9819407B403F}.Release|Win32.ActiveCfg = Release|Win32
		{D35A2A22-A512-46C1-BC8C-9819407B403F}.Release|Win32.Build.0 = Release|Win32
		{D04A7E14-EEB5-4E9D-981A-37807C329032}.Debug|Win32.ActiveCfg = Debug|Win32
		{D04A7E14-EEB5-4E9D-981A-37807C329032}.Debug|Win32.Build.0 = Debug|Win32
		{D04A7E14-EEB5-4E9D-981A-37807C329032}.Release|Win32.ActiveCfg = Release|Win32
		{D04A7E14-EEB5-4E9D-981A-37807C329032}.Release|Win32.Build.0 = Release|Win32
		{7C86BD50-7752-4E03-BF22-D25C2C8DF6F3}.Debug|Win32.ActiveCfg = Debug|Win32
		{7C86BD50-7752-4E03-BF22-D25C2C8DF6F3}.Debug|Win32.Build.0 = Debug|Win32
		{7C86BD50-7752-4E03-BF22-D25C2C8DF6F3}.Release|Win32.ActiveCfg = Release|Win32
		{7C86BD50-7752-4E03-BF22-D25C2C8DF6F3}.Release|Win32.Build.0 = Release|Win32
		{0F713551-07CA-41F8-A199-EE32B810F323}.Debug|Win32.ActiveCfg = Debug|Win32
		{0F713551-07CA-41F8-A199-EE32B810F323}.Debug|Win32.Build.0 = Debug|Win32
		{0F713551-07CA-41F8-A199-EE32B810F323}.Release|Win32.ActiveCfg = Release|Win32
		{0F713551-07CA-41F8-A199-EE32B810F323}.Release|Win32.Build.0 = Release|Win32
		{799FF801-0FEB-4C3B-A0CA-24745E6F8863}.Debug|Win32.ActiveCfg = Debug|Win32
		{799FF801-0FEB-4C3B-A0CA-24745E6F8863}.Debug|Win32.Build.0 = Debug|Win32
		{799FF801-0FEB-4C3B-A0CA-24745E6F8863}.Release|Win32.ActiveCfg = Release|Win32
		{799FF801-0FEB-4C3B-A0CA-24745E6F8863}.Release|Win32.Build.0 = Release|Win32
	EndGlobalSection
	GlobalSection(SolutionProperties) = preSolution
		HideSolutionNode = FALSE
	EndGlobalSection
EndGlobal
