
Microsoft Visual Studio Solution File, Format Version 10.00
# Visual Studio 2008
Project("{FAE04EC0-301F-11D3-BF4B-00C04F79EFBC}") = "ManagerServer", "ManagerServer\ManagerServer.csproj", "{9932324F-670E-44ED-994A-278C648FA9CF}"
	ProjectSection(ProjectDependencies) = postProject
		{F6DE3810-593C-45E5-B970-61475FA75AEE} = {F6DE3810-593C-45E5-B970-61475FA75AEE}
	EndProjectSection
EndProject
Project("{FAE04EC0-301F-11D3-BF4B-00C04F79EFBC}") = "Network", "Network\Network.csproj", "{F6DE3810-593C-45E5-B970-61475FA75AEE}"
EndProject
Global
	GlobalSection(SolutionConfigurationPlatforms) = preSolution
		Debug|Any CPU = Debug|Any CPU
		Release|Any CPU = Release|Any CPU
	EndGlobalSection
	GlobalSection(ProjectConfigurationPlatforms) = postSolution
		{9932324F-670E-44ED-994A-278C648FA9CF}.Debug|Any CPU.ActiveCfg = Debug|Any CPU
		{9932324F-670E-44ED-994A-278C648FA9CF}.Debug|Any CPU.Build.0 = Debug|Any CPU
		{9932324F-670E-44ED-994A-278C648FA9CF}.Release|Any CPU.ActiveCfg = Release|Any CPU
		{9932324F-670E-44ED-994A-278C648FA9CF}.Release|Any CPU.Build.0 = Release|Any CPU
		{F6DE3810-593C-45E5-B970-61475FA75AEE}.Debug|Any CPU.ActiveCfg = Debug|Any CPU
		{F6DE3810-593C-45E5-B970-61475FA75AEE}.Debug|Any CPU.Build.0 = Debug|Any CPU
		{F6DE3810-593C-45E5-B970-61475FA75AEE}.Release|Any CPU.ActiveCfg = Release|Any CPU
		{F6DE3810-593C-45E5-B970-61475FA75AEE}.Release|Any CPU.Build.0 = Release|Any CPU
	EndGlobalSection
	GlobalSection(SolutionProperties) = preSolution
		HideSolutionNode = FALSE
	EndGlobalSection
EndGlobal
